
Microsoft Visual Studio Solution File, Format Version 12.00
# Visual Studio Version 17
VisualStudioVersion = 17.8.34316.72
MinimumVisualStudioVersion = 10.0.40219.1
Project("{FAE04EC0-301F-11D3-BF4B-00C04F79EFBC}") = "DTI_Report", "DTI_Report.csproj", "{FC34E9E6-FDF6-40EC-B72D-9E21314D19AE}"
EndProject
Global
	GlobalSection(SolutionConfigurationPlatforms) = preSolution
		Debug|Any CPU = Debug|Any CPU
		Release|Any CPU = Release|Any CPU
	EndGlobalSection
	GlobalSection(ProjectConfigurationPlatforms) = postSolution
		{FC34E9E6-FDF6-40EC-B72D-9E21314D19AE}.Debug|Any CPU.ActiveCfg = Debug|Any CPU
		{FC34E9E6-FDF6-40EC-B72D-9E21314D19AE}.Debug|Any CPU.Build.0 = Debug|Any CPU
		{FC34E9E6-FDF6-40EC-B72D-9E21314D19AE}.Release|Any CPU.ActiveCfg = Release|Any CPU
		{FC34E9E6-FDF6-40EC-B72D-9E21314D19AE}.Release|Any CPU.Build.0 = Release|Any CPU
	EndGlobalSection
	GlobalSection(SolutionProperties) = preSolution
		HideSolutionNode = FALSE
	EndGlobalSection
	GlobalSection(ExtensibilityGlobals) = postSolution
		SolutionGuid = {DD724A8A-4CC6-48D4-B851-5D5BECBFCA80}
	EndGlobalSection
EndGlobal
